
Microsoft Visual Studio Solution File, Format Version 12.00
# Visual Studio Version 17
VisualStudioVersion = 17.3.32825.248
MinimumVisualStudioVersion = 10.0.40219.1
Project("{888888A0-9F3D-457C-B088-3A5042F75D52}") = "kap 10 uppgift 3", "kap 10 uppgift 3\kap 10 uppgift 3.pyproj", "{D0AC6604-0D3E-42B1-BC02-EA6BA276EDDC}"
EndProject
Global
	GlobalSection(SolutionConfigurationPlatforms) = preSolution
		Debug|Any CPU = Debug|Any CPU
		Release|Any CPU = Release|Any CPU
	EndGlobalSection
	GlobalSection(ProjectConfigurationPlatforms) = postSolution
		{D0AC6604-0D3E-42B1-BC02-EA6BA276EDDC}.Debug|Any CPU.ActiveCfg = Debug|Any CPU
		{D0AC6604-0D3E-42B1-BC02-EA6BA276EDDC}.Release|Any CPU.ActiveCfg = Release|Any CPU
	EndGlobalSection
	GlobalSection(SolutionProperties) = preSolution
		HideSolutionNode = FALSE
	EndGlobalSection
	GlobalSection(ExtensibilityGlobals) = postSolution
		SolutionGuid = {3DC75A0F-F6C3-427B-8068-D4CD124E2555}
	EndGlobalSection
EndGlobal
